
Microsoft Visual Studio Solution File, Format Version 12.00
# Visual Studio 14
VisualStudioVersion = 14.0.23107.0
MinimumVisualStudioVersion = 10.0.40219.1
Project("{FAE04EC0-301F-11D3-BF4B-00C04F79EFBC}") = "InstantDelivery.Presentation", "InstantDelivery.Presentation\InstantDelivery.Presentation.csproj", "{2974FB34-4B86-4ABE-AFAF-701639D0D5B9}"
	ProjectSection(ProjectDependencies) = postProject
		{676E3204-0671-4AAB-ADF5-C413FB1BFE75} = {676E3204-0671-4AAB-ADF5-C413FB1BFE75}
	EndProjectSection
EndProject
Project("{FAE04EC0-301F-11D3-BF4B-00C04F79EFBC}") = "InstantDelivery.Domain", "InstantDelivery.Domain\InstantDelivery.Domain.csproj", "{35820C01-CD0A-42F3-9E39-3B6D7F0C8D66}"
EndProject
Project("{FAE04EC0-301F-11D3-BF4B-00C04F79EFBC}") = "InstantDelivery.ViewModel", "InstantDelivery.ViewModel\InstantDelivery.ViewModel.csproj", "{03199773-6AE0-4DDC-985F-BF4BC69111FD}"
	ProjectSection(ProjectDependencies) = postProject
		{676E3204-0671-4AAB-ADF5-C413FB1BFE75} = {676E3204-0671-4AAB-ADF5-C413FB1BFE75}
	EndProjectSection
EndProject
Project("{FAE04EC0-301F-11D3-BF4B-00C04F79EFBC}") = "InstantDelivery.Tests", "InstantDelivery.Tests\InstantDelivery.Tests.csproj", "{7025917E-9F50-4403-ABDB-A809B3F858B4}"
EndProject
Project("{FAE04EC0-301F-11D3-BF4B-00C04F79EFBC}") = "InstantDelivery.Services", "InstantDelivery.Services\InstantDelivery.Services.csproj", "{676E3204-0671-4AAB-ADF5-C413FB1BFE75}"
	ProjectSection(ProjectDependencies) = postProject
		{35820C01-CD0A-42F3-9E39-3B6D7F0C8D66} = {35820C01-CD0A-42F3-9E39-3B6D7F0C8D66}
	EndProjectSection
EndProject
Global
	GlobalSection(SolutionConfigurationPlatforms) = preSolution
		Debug|Any CPU = Debug|Any CPU
		Release|Any CPU = Release|Any CPU
	EndGlobalSection
	GlobalSection(ProjectConfigurationPlatforms) = postSolution
		{2974FB34-4B86-4ABE-AFAF-701639D0D5B9}.Debug|Any CPU.ActiveCfg = Debug|Any CPU
		{2974FB34-4B86-4ABE-AFAF-701639D0D5B9}.Debug|Any CPU.Build.0 = Debug|Any CPU
		{2974FB34-4B86-4ABE-AFAF-701639D0D5B9}.Release|Any CPU.ActiveCfg = Release|Any CPU
		{2974FB34-4B86-4ABE-AFAF-701639D0D5B9}.Release|Any CPU.Build.0 = Release|Any CPU
		{35820C01-CD0A-42F3-9E39-3B6D7F0C8D66}.Debug|Any CPU.ActiveCfg = Debug|Any CPU
		{35820C01-CD0A-42F3-9E39-3B6D7F0C8D66}.Debug|Any CPU.Build.0 = Debug|Any CPU
		{35820C01-CD0A-42F3-9E39-3B6D7F0C8D66}.Release|Any CPU.ActiveCfg = Release|Any CPU
		{35820C01-CD0A-42F3-9E39-3B6D7F0C8D66}.Release|Any CPU.Build.0 = Release|Any CPU
		{03199773-6AE0-4DDC-985F-BF4BC69111FD}.Debug|Any CPU.ActiveCfg = Debug|Any CPU
		{03199773-6AE0-4DDC-985F-BF4BC69111FD}.Debug|Any CPU.Build.0 = Debug|Any CPU
		{03199773-6AE0-4DDC-985F-BF4BC69111FD}.Release|Any CPU.ActiveCfg = Release|Any CPU
		{03199773-6AE0-4DDC-985F-BF4BC69111FD}.Release|Any CPU.Build.0 = Release|Any CPU
		{7025917E-9F50-4403-ABDB-A809B3F858B4}.Debug|Any CPU.ActiveCfg = Debug|Any CPU
		{7025917E-9F50-4403-ABDB-A809B3F858B4}.Debug|Any CPU.Build.0 = Debug|Any CPU
		{7025917E-9F50-4403-ABDB-A809B3F858B4}.Release|Any CPU.ActiveCfg = Release|Any CPU
		{7025917E-9F50-4403-ABDB-A809B3F858B4}.Release|Any CPU.Build.0 = Release|Any CPU
		{676E3204-0671-4AAB-ADF5-C413FB1BFE75}.Debug|Any CPU.ActiveCfg = Debug|Any CPU
		{676E3204-0671-4AAB-ADF5-C413FB1BFE75}.Debug|Any CPU.Build.0 = Debug|Any CPU
		{676E3204-0671-4AAB-ADF5-C413FB1BFE75}.Release|Any CPU.ActiveCfg = Release|Any CPU
		{676E3204-0671-4AAB-ADF5-C413FB1BFE75}.Release|Any CPU.Build.0 = Release|Any CPU
	EndGlobalSection
	GlobalSection(SolutionProperties) = preSolution
		HideSolutionNode = FALSE
	EndGlobalSection
EndGlobal
